
Microsoft Visual Studio Solution File, Format Version 12.00
# Visual Studio 14
VisualStudioVersion = 14.0.25420.1
MinimumVisualStudioVersion = 10.0.40219.1
Project("{E24C65DC-7377-472B-9ABA-BC803B73C61A}") = "HSBC DDS", "..\..\WebSites\HSBC DDS\", "{5531DC22-49F8-40CD-9065-961EDB92718D}"
	ProjectSection(WebsiteProperties) = preProject
		TargetFrameworkMoniker = ".NETFramework,Version%3Dv4.5.2"
		Debug.AspNetCompiler.VirtualPath = "/localhost_60701"
		Debug.AspNetCompiler.PhysicalPath = "..\..\WebSites\HSBC DDS\"
		Debug.AspNetCompiler.TargetPath = "PrecompiledWeb\localhost_60701\"
		Debug.AspNetCompiler.Updateable = "true"
		Debug.AspNetCompiler.ForceOverwrite = "true"
		Debug.AspNetCompiler.FixedNames = "false"
		Debug.AspNetCompiler.Debug = "True"
		Release.AspNetCompiler.VirtualPath = "/localhost_60701"
		Release.AspNetCompiler.PhysicalPath = "..\..\WebSites\HSBC DDS\"
		Release.AspNetCompiler.TargetPath = "PrecompiledWeb\localhost_60701\"
		Release.AspNetCompiler.Updateable = "true"
		Release.AspNetCompiler.ForceOverwrite = "true"
		Release.AspNetCompiler.FixedNames = "false"
		Release.AspNetCompiler.Debug = "False"
		VWDPort = "60701"
		SlnRelativePath = "..\..\WebSites\HSBC DDS\"
		DefaultWebSiteLanguage = "Visual C#"
	EndProjectSection
EndProject
Global
	GlobalSection(SolutionConfigurationPlatforms) = preSolution
		Debug|Any CPU = Debug|Any CPU
	EndGlobalSection
	GlobalSection(ProjectConfigurationPlatforms) = postSolution
		{5531DC22-49F8-40CD-9065-961EDB92718D}.Debug|Any CPU.ActiveCfg = Debug|Any CPU
		{5531DC22-49F8-40CD-9065-961EDB92718D}.Debug|Any CPU.Build.0 = Debug|Any CPU
	EndGlobalSection
	GlobalSection(SolutionProperties) = preSolution
		HideSolutionNode = FALSE
	EndGlobalSection
EndGlobal
