
Microsoft Visual Studio Solution File, Format Version 12.00
# Visual Studio 14
VisualStudioVersion = 14.0.25420.1
MinimumVisualStudioVersion = 10.0.40219.1
Project("{E24C65DC-7377-472B-9ABA-BC803B73C61A}") = "Arail", "..\..\Arail\", "{3427CC86-7B21-42B6-A3BD-47A9323EABB3}"
	ProjectSection(WebsiteProperties) = preProject
		TargetFrameworkMoniker = ".NETFramework,Version%3Dv4.5.2"
		Debug.AspNetCompiler.VirtualPath = "/localhost_59820"
		Debug.AspNetCompiler.PhysicalPath = "..\..\Arail\"
		Debug.AspNetCompiler.TargetPath = "PrecompiledWeb\localhost_59820\"
		Debug.AspNetCompiler.Updateable = "true"
		Debug.AspNetCompiler.ForceOverwrite = "true"
		Debug.AspNetCompiler.FixedNames = "false"
		Debug.AspNetCompiler.Debug = "True"
		Release.AspNetCompiler.VirtualPath = "/localhost_59820"
		Release.AspNetCompiler.PhysicalPath = "..\..\Arail\"
		Release.AspNetCompiler.TargetPath = "PrecompiledWeb\localhost_59820\"
		Release.AspNetCompiler.Updateable = "true"
		Release.AspNetCompiler.ForceOverwrite = "true"
		Release.AspNetCompiler.FixedNames = "false"
		Release.AspNetCompiler.Debug = "False"
		VWDPort = "59820"
		SlnRelativePath = "..\..\Arail\"
		DefaultWebSiteLanguage = "Visual C#"
	EndProjectSection
EndProject
Global
	GlobalSection(SolutionConfigurationPlatforms) = preSolution
		Debug|Any CPU = Debug|Any CPU
	EndGlobalSection
	GlobalSection(ProjectConfigurationPlatforms) = postSolution
		{3427CC86-7B21-42B6-A3BD-47A9323EABB3}.Debug|Any CPU.ActiveCfg = Debug|Any CPU
		{3427CC86-7B21-42B6-A3BD-47A9323EABB3}.Debug|Any CPU.Build.0 = Debug|Any CPU
	EndGlobalSection
	GlobalSection(SolutionProperties) = preSolution
		HideSolutionNode = FALSE
	EndGlobalSection
EndGlobal
